
Microsoft Visual Studio Solution File, Format Version 12.00
# Visual Studio 15
VisualStudioVersion = 15.0.27004.2006
MinimumVisualStudioVersion = 10.0.40219.1
Project("{FAE04EC0-301F-11D3-BF4B-00C04F79EFBC}") = "CondabUIClient", "CondabUI\CondabUIClient.csproj", "{DD3C8D17-2FB5-41F8-80AA-D24491F76465}"
EndProject
Project("{FAE04EC0-301F-11D3-BF4B-00C04F79EFBC}") = "CondabLibrary", "CondabLibrary\CondabLibrary.csproj", "{8E73E6EA-6AFE-4483-A71C-E8FB87336B5D}"
EndProject
Project("{FAE04EC0-301F-11D3-BF4B-00C04F79EFBC}") = "CondabUIServer", "CondabUIServer\CondabUIServer.csproj", "{60562D46-A809-4CC4-8A0F-E599A9047EA4}"
EndProject
Global
	GlobalSection(SolutionConfigurationPlatforms) = preSolution
		Debug|Any CPU = Debug|Any CPU
		Release|Any CPU = Release|Any CPU
	EndGlobalSection
	GlobalSection(ProjectConfigurationPlatforms) = postSolution
		{DD3C8D17-2FB5-41F8-80AA-D24491F76465}.Debug|Any CPU.ActiveCfg = Debug|Any CPU
		{DD3C8D17-2FB5-41F8-80AA-D24491F76465}.Debug|Any CPU.Build.0 = Debug|Any CPU
		{DD3C8D17-2FB5-41F8-80AA-D24491F76465}.Release|Any CPU.ActiveCfg = Release|Any CPU
		{DD3C8D17-2FB5-41F8-80AA-D24491F76465}.Release|Any CPU.Build.0 = Release|Any CPU
		{8E73E6EA-6AFE-4483-A71C-E8FB87336B5D}.Debug|Any CPU.ActiveCfg = Debug|Any CPU
		{8E73E6EA-6AFE-4483-A71C-E8FB87336B5D}.Debug|Any CPU.Build.0 = Debug|Any CPU
		{8E73E6EA-6AFE-4483-A71C-E8FB87336B5D}.Release|Any CPU.ActiveCfg = Release|Any CPU
		{8E73E6EA-6AFE-4483-A71C-E8FB87336B5D}.Release|Any CPU.Build.0 = Release|Any CPU
		{60562D46-A809-4CC4-8A0F-E599A9047EA4}.Debug|Any CPU.ActiveCfg = Debug|Any CPU
		{60562D46-A809-4CC4-8A0F-E599A9047EA4}.Debug|Any CPU.Build.0 = Debug|Any CPU
		{60562D46-A809-4CC4-8A0F-E599A9047EA4}.Release|Any CPU.ActiveCfg = Release|Any CPU
		{60562D46-A809-4CC4-8A0F-E599A9047EA4}.Release|Any CPU.Build.0 = Release|Any CPU
	EndGlobalSection
	GlobalSection(SolutionProperties) = preSolution
		HideSolutionNode = FALSE
	EndGlobalSection
	GlobalSection(ExtensibilityGlobals) = postSolution
		SolutionGuid = {FD0C9F34-753B-44B8-BD4C-00681DA06CAC}
	EndGlobalSection
EndGlobal
